// !$*UTF8*$!
{
	archiveVersion = 1;
	classes = {
	};
	objectVersion = 46;
	objects = {

/* Begin PBXBuildFile section */
		83B87ED4F17FE8A9D49C6848 /* Pods_NetworkRequest.framework in Frameworks */ = {isa = PBXBuildFile; fileRef = 1C69CC3EB19E58365A95BFBD /* Pods_NetworkRequest.framework */; };
		E6175C8C1E2CE307006E1988 /* SpecialRequest_VC.m in Sources */ = {isa = PBXBuildFile; fileRef = E6175C8B1E2CE307006E1988 /* SpecialRequest_VC.m */; };
		E6175C8F1E2CE340006E1988 /* DownloadRequest_VC.m in Sources */ = {isa = PBXBuildFile; fileRef = E6175C8E1E2CE340006E1988 /* DownloadRequest_VC.m */; };
		E6175C921E2CE375006E1988 /* UploadRequest_VC.m in Sources */ = {isa = PBXBuildFile; fileRef = E6175C911E2CE375006E1988 /* UploadRequest_VC.m */; };
		E6203D601E0B5AFB00A07ADC /* GeneralRequest_VC.m in Sources */ = {isa = PBXBuildFile; fileRef = E6203D5F1E0B5AFB00A07ADC /* GeneralRequest_VC.m */; };
		E651BDDE1E6CE84000E19B8A /* 网络协议基础概念.md in Resources */ = {isa = PBXBuildFile; fileRef = E651BDDD1E6CE84000E19B8A /* 网络协议基础概念.md */; };
		E6531F981E0680C50079F1C8 /* MainTabbar.m in Sources */ = {isa = PBXBuildFile; fileRef = E6531F931E0680C50079F1C8 /* MainTabbar.m */; };
		E6531F991E0680C50079F1C8 /* Nav_Base_VC.m in Sources */ = {isa = PBXBuildFile; fileRef = E6531F951E0680C50079F1C8 /* Nav_Base_VC.m */; };
		E6531F9A1E0680C50079F1C8 /* Parent_Class_VC.m in Sources */ = {isa = PBXBuildFile; fileRef = E6531F971E0680C50079F1C8 /* Parent_Class_VC.m */; };
		E6531FA01E0683420079F1C8 /* AFHTTPRequest.m in Sources */ = {isa = PBXBuildFile; fileRef = E6531F9F1E0683420079F1C8 /* AFHTTPRequest.m */; };
		E669DDD31E30E8DF0097C731 /* BreakpointDownload_VC.m in Sources */ = {isa = PBXBuildFile; fileRef = E669DDD21E30E8DF0097C731 /* BreakpointDownload_VC.m */; };
		E66E22D01DFA406A00D06432 /* main.m in Sources */ = {isa = PBXBuildFile; fileRef = E66E22CF1DFA406A00D06432 /* main.m */; };
		E66E22D31DFA406A00D06432 /* AppDelegate.m in Sources */ = {isa = PBXBuildFile; fileRef = E66E22D21DFA406A00D06432 /* AppDelegate.m */; };
		E66E22DB1DFA406A00D06432 /* Assets.xcassets in Resources */ = {isa = PBXBuildFile; fileRef = E66E22DA1DFA406A00D06432 /* Assets.xcassets */; };
		E6AB40961E80C88600894220 /* TCP.md in Sources */ = {isa = PBXBuildFile; fileRef = E6AB40951E80C88600894220 /* TCP.md */; };
		E6AB409B1E80C9F200894220 /* TCP4次挥手.jpeg in Resources */ = {isa = PBXBuildFile; fileRef = E6AB40991E80C9F200894220 /* TCP4次挥手.jpeg */; };
		E6AB409C1E80C9F200894220 /* TCP三次握手.jpeg in Resources */ = {isa = PBXBuildFile; fileRef = E6AB409A1E80C9F200894220 /* TCP三次握手.jpeg */; };
		E6AB409F1E80CBEC00894220 /* TCP设计框架.jpeg in Resources */ = {isa = PBXBuildFile; fileRef = E6AB409D1E80CBEC00894220 /* TCP设计框架.jpeg */; };
		E6AB40A01E80CBEC00894220 /* UDP设计框架.jpeg in Resources */ = {isa = PBXBuildFile; fileRef = E6AB409E1E80CBEC00894220 /* UDP设计框架.jpeg */; };
		E6AB40A41E80CCA400894220 /* socket.jpeg in Resources */ = {isa = PBXBuildFile; fileRef = E6AB40A31E80CCA400894220 /* socket.jpeg */; };
		E6AB40A61E80CCAE00894220 /* HTTP.md in Sources */ = {isa = PBXBuildFile; fileRef = E6AB40A51E80CCAE00894220 /* HTTP.md */; };
		E6AEA9321E304FB200B5B3DE /* 位数区别.jpg in Resources */ = {isa = PBXBuildFile; fileRef = E6AEA9311E304FB200B5B3DE /* 位数区别.jpg */; };
		E6AEA9341E304FC100B5B3DE /* iOS_IT技能.png in Resources */ = {isa = PBXBuildFile; fileRef = E6AEA9331E304FC100B5B3DE /* iOS_IT技能.png */; };
		E6AEA9371E30529200B5B3DE /* adn.cer in Resources */ = {isa = PBXBuildFile; fileRef = E6AEA9351E30529200B5B3DE /* adn.cer */; };
		E6AEA9381E30529200B5B3DE /* li.cer in Resources */ = {isa = PBXBuildFile; fileRef = E6AEA9361E30529200B5B3DE /* li.cer */; };
/* End PBXBuildFile section */

/* Begin PBXFileReference section */
		1C69CC3EB19E58365A95BFBD /* Pods_NetworkRequest.framework */ = {isa = PBXFileReference; explicitFileType = wrapper.framework; includeInIndex = 0; path = Pods_NetworkRequest.framework; sourceTree = BUILT_PRODUCTS_DIR; };
		93D3DDCD487EA278C0AC0C5E /* Pods-NetworkRequest.debug.xcconfig */ = {isa = PBXFileReference; includeInIndex = 1; lastKnownFileType = text.xcconfig; name = "Pods-NetworkRequest.debug.xcconfig"; path = "Pods/Target Support Files/Pods-NetworkRequest/Pods-NetworkRequest.debug.xcconfig"; sourceTree = "<group>"; };
		C9F6F6E4555F8A110F293214 /* Pods-NetworkRequest.release.xcconfig */ = {isa = PBXFileReference; includeInIndex = 1; lastKnownFileType = text.xcconfig; name = "Pods-NetworkRequest.release.xcconfig"; path = "Pods/Target Support Files/Pods-NetworkRequest/Pods-NetworkRequest.release.xcconfig"; sourceTree = "<group>"; };
		E6175C8A1E2CE307006E1988 /* SpecialRequest_VC.h */ = {isa = PBXFileReference; fileEncoding = 4; lastKnownFileType = sourcecode.c.h; path = SpecialRequest_VC.h; sourceTree = "<group>"; };
		E6175C8B1E2CE307006E1988 /* SpecialRequest_VC.m */ = {isa = PBXFileReference; fileEncoding = 4; lastKnownFileType = sourcecode.c.objc; path = SpecialRequest_VC.m; sourceTree = "<group>"; };
		E6175C8D1E2CE340006E1988 /* DownloadRequest_VC.h */ = {isa = PBXFileReference; fileEncoding = 4; lastKnownFileType = sourcecode.c.h; path = DownloadRequest_VC.h; sourceTree = "<group>"; };
		E6175C8E1E2CE340006E1988 /* DownloadRequest_VC.m */ = {isa = PBXFileReference; fileEncoding = 4; lastKnownFileType = sourcecode.c.objc; path = DownloadRequest_VC.m; sourceTree = "<group>"; };
		E6175C901E2CE375006E1988 /* UploadRequest_VC.h */ = {isa = PBXFileReference; fileEncoding = 4; lastKnownFileType = sourcecode.c.h; path = UploadRequest_VC.h; sourceTree = "<group>"; };
		E6175C911E2CE375006E1988 /* UploadRequest_VC.m */ = {isa = PBXFileReference; fileEncoding = 4; lastKnownFileType = sourcecode.c.objc; path = UploadRequest_VC.m; sourceTree = "<group>"; };
		E6203D5E1E0B5AFB00A07ADC /* GeneralRequest_VC.h */ = {isa = PBXFileReference; fileEncoding = 4; lastKnownFileType = sourcecode.c.h; path = GeneralRequest_VC.h; sourceTree = "<group>"; };
		E6203D5F1E0B5AFB00A07ADC /* GeneralRequest_VC.m */ = {isa = PBXFileReference; fileEncoding = 4; lastKnownFileType = sourcecode.c.objc; path = GeneralRequest_VC.m; sourceTree = "<group>"; };
		E651BDDD1E6CE84000E19B8A /* 网络协议基础概念.md */ = {isa = PBXFileReference; fileEncoding = 4; lastKnownFileType = net.daringfireball.markdown; path = "网络协议基础概念.md"; sourceTree = "<group>"; };
		E6531F921E0680C50079F1C8 /* MainTabbar.h */ = {isa = PBXFileReference; fileEncoding = 4; lastKnownFileType = sourcecode.c.h; path = MainTabbar.h; sourceTree = "<group>"; };
		E6531F931E0680C50079F1C8 /* MainTabbar.m */ = {isa = PBXFileReference; fileEncoding = 4; lastKnownFileType = sourcecode.c.objc; path = MainTabbar.m; sourceTree = "<group>"; };
		E6531F941E0680C50079F1C8 /* Nav_Base_VC.h */ = {isa = PBXFileReference; fileEncoding = 4; lastKnownFileType = sourcecode.c.h; path = Nav_Base_VC.h; sourceTree = "<group>"; };
		E6531F951E0680C50079F1C8 /* Nav_Base_VC.m */ = {isa = PBXFileReference; fileEncoding = 4; lastKnownFileType = sourcecode.c.objc; path = Nav_Base_VC.m; sourceTree = "<group>"; };
		E6531F961E0680C50079F1C8 /* Parent_Class_VC.h */ = {isa = PBXFileReference; fileEncoding = 4; lastKnownFileType = sourcecode.c.h; path = Parent_Class_VC.h; sourceTree = "<group>"; };
		E6531F971E0680C50079F1C8 /* Parent_Class_VC.m */ = {isa = PBXFileReference; fileEncoding = 4; lastKnownFileType = sourcecode.c.objc; path = Parent_Class_VC.m; sourceTree = "<group>"; };
		E6531F9B1E0680F90079F1C8 /* MyToolsHeader.h */ = {isa = PBXFileReference; fileEncoding = 4; lastKnownFileType = sourcecode.c.h; path = MyToolsHeader.h; sourceTree = "<group>"; };
		E6531F9C1E0681130079F1C8 /* Singleton.h */ = {isa = PBXFileReference; fileEncoding = 4; lastKnownFileType = sourcecode.c.h; path = Singleton.h; sourceTree = "<group>"; };
		E6531F9E1E0683420079F1C8 /* AFHTTPRequest.h */ = {isa = PBXFileReference; fileEncoding = 4; lastKnownFileType = sourcecode.c.h; path = AFHTTPRequest.h; sourceTree = "<group>"; };
		E6531F9F1E0683420079F1C8 /* AFHTTPRequest.m */ = {isa = PBXFileReference; fileEncoding = 4; lastKnownFileType = sourcecode.c.objc; path = AFHTTPRequest.m; sourceTree = "<group>"; };
		E6531FA11E0683D50079F1C8 /* AFHTTPHeader.h */ = {isa = PBXFileReference; lastKnownFileType = sourcecode.c.h; path = AFHTTPHeader.h; sourceTree = "<group>"; };
		E669DDD11E30E8DF0097C731 /* BreakpointDownload_VC.h */ = {isa = PBXFileReference; fileEncoding = 4; lastKnownFileType = sourcecode.c.h; path = BreakpointDownload_VC.h; sourceTree = "<group>"; };
		E669DDD21E30E8DF0097C731 /* BreakpointDownload_VC.m */ = {isa = PBXFileReference; fileEncoding = 4; lastKnownFileType = sourcecode.c.objc; path = BreakpointDownload_VC.m; sourceTree = "<group>"; };
		E66E22CB1DFA406A00D06432 /* NetworkRequest.app */ = {isa = PBXFileReference; explicitFileType = wrapper.application; includeInIndex = 0; path = NetworkRequest.app; sourceTree = BUILT_PRODUCTS_DIR; };
		E66E22CF1DFA406A00D06432 /* main.m */ = {isa = PBXFileReference; lastKnownFileType = sourcecode.c.objc; path = main.m; sourceTree = "<group>"; };
		E66E22D11DFA406A00D06432 /* AppDelegate.h */ = {isa = PBXFileReference; lastKnownFileType = sourcecode.c.h; path = AppDelegate.h; sourceTree = "<group>"; };
		E66E22D21DFA406A00D06432 /* AppDelegate.m */ = {isa = PBXFileReference; lastKnownFileType = sourcecode.c.objc; path = AppDelegate.m; sourceTree = "<group>"; };
		E66E22DA1DFA406A00D06432 /* Assets.xcassets */ = {isa = PBXFileReference; lastKnownFileType = folder.assetcatalog; path = Assets.xcassets; sourceTree = "<group>"; };
		E66E22DF1DFA406A00D06432 /* Info.plist */ = {isa = PBXFileReference; lastKnownFileType = text.plist.xml; path = Info.plist; sourceTree = "<group>"; };
		E6AB40951E80C88600894220 /* TCP.md */ = {isa = PBXFileReference; fileEncoding = 4; lastKnownFileType = net.daringfireball.markdown; path = TCP.md; sourceTree = "<group>"; };
		E6AB40991E80C9F200894220 /* TCP4次挥手.jpeg */ = {isa = PBXFileReference; lastKnownFileType = image.jpeg; path = "TCP4次挥手.jpeg"; sourceTree = "<group>"; };
		E6AB409A1E80C9F200894220 /* TCP三次握手.jpeg */ = {isa = PBXFileReference; lastKnownFileType = image.jpeg; path = "TCP三次握手.jpeg"; sourceTree = "<group>"; };
		E6AB409D1E80CBEC00894220 /* TCP设计框架.jpeg */ = {isa = PBXFileReference; lastKnownFileType = image.jpeg; path = "TCP设计框架.jpeg"; sourceTree = "<group>"; };
		E6AB409E1E80CBEC00894220 /* UDP设计框架.jpeg */ = {isa = PBXFileReference; lastKnownFileType = image.jpeg; path = "UDP设计框架.jpeg"; sourceTree = "<group>"; };
		E6AB40A31E80CCA400894220 /* socket.jpeg */ = {isa = PBXFileReference; lastKnownFileType = image.jpeg; path = socket.jpeg; sourceTree = "<group>"; };
		E6AB40A51E80CCAE00894220 /* HTTP.md */ = {isa = PBXFileReference; fileEncoding = 4; lastKnownFileType = net.daringfireball.markdown; path = HTTP.md; sourceTree = "<group>"; };
		E6AEA9311E304FB200B5B3DE /* 位数区别.jpg */ = {isa = PBXFileReference; lastKnownFileType = image.jpeg; path = "位数区别.jpg"; sourceTree = "<group>"; };
		E6AEA9331E304FC100B5B3DE /* iOS_IT技能.png */ = {isa = PBXFileReference; lastKnownFileType = image.png; path = "iOS_IT技能.png"; sourceTree = "<group>"; };
		E6AEA9351E30529200B5B3DE /* adn.cer */ = {isa = PBXFileReference; lastKnownFileType = file; path = adn.cer; sourceTree = "<group>"; };
		E6AEA9361E30529200B5B3DE /* li.cer */ = {isa = PBXFileReference; lastKnownFileType = file; path = li.cer; sourceTree = "<group>"; };
/* End PBXFileReference section */

/* Begin PBXFrameworksBuildPhase section */
		E66E22C81DFA406A00D06432 /* Frameworks */ = {
			isa = PBXFrameworksBuildPhase;
			buildActionMask = 2147483647;
			files = (
				83B87ED4F17FE8A9D49C6848 /* Pods_NetworkRequest.framework in Frameworks */,
			);
			runOnlyForDeploymentPostprocessing = 0;
		};
/* End PBXFrameworksBuildPhase section */

/* Begin PBXGroup section */
		87B45FFA9A1929332B5DED16 /* Frameworks */ = {
			isa = PBXGroup;
			children = (
				1C69CC3EB19E58365A95BFBD /* Pods_NetworkRequest.framework */,
			);
			name = Frameworks;
			sourceTree = "<group>";
		};
		C41C2C810475B04174957B46 /* Pods */ = {
			isa = PBXGroup;
			children = (
				93D3DDCD487EA278C0AC0C5E /* Pods-NetworkRequest.debug.xcconfig */,
				C9F6F6E4555F8A110F293214 /* Pods-NetworkRequest.release.xcconfig */,
			);
			name = Pods;
			sourceTree = "<group>";
		};
		E6203D5D1E0B5ADA00A07ADC /* ViewControllers */ = {
			isa = PBXGroup;
			children = (
				E6203D5E1E0B5AFB00A07ADC /* GeneralRequest_VC.h */,
				E6203D5F1E0B5AFB00A07ADC /* GeneralRequest_VC.m */,
				E6175C8A1E2CE307006E1988 /* SpecialRequest_VC.h */,
				E6175C8B1E2CE307006E1988 /* SpecialRequest_VC.m */,
				E6175C8D1E2CE340006E1988 /* DownloadRequest_VC.h */,
				E6175C8E1E2CE340006E1988 /* DownloadRequest_VC.m */,
				E669DDD11E30E8DF0097C731 /* BreakpointDownload_VC.h */,
				E669DDD21E30E8DF0097C731 /* BreakpointDownload_VC.m */,
				E6175C901E2CE375006E1988 /* UploadRequest_VC.h */,
				E6175C911E2CE375006E1988 /* UploadRequest_VC.m */,
			);
			path = ViewControllers;
			sourceTree = "<group>";
		};
		E651BDDC1E6CE81300E19B8A /* NetworkingProtocol */ = {
			isa = PBXGroup;
			children = (
				E6AB40991E80C9F200894220 /* TCP4次挥手.jpeg */,
				E6AB409A1E80C9F200894220 /* TCP三次握手.jpeg */,
				E6AB409D1E80CBEC00894220 /* TCP设计框架.jpeg */,
				E6AB409E1E80CBEC00894220 /* UDP设计框架.jpeg */,
				E6AB40A31E80CCA400894220 /* socket.jpeg */,
				E6AB40951E80C88600894220 /* TCP.md */,
				E6AB40A51E80CCAE00894220 /* HTTP.md */,
				E651BDDD1E6CE84000E19B8A /* 网络协议基础概念.md */,
			);
			path = NetworkingProtocol;
			sourceTree = "<group>";
		};
		E6531F911E0680C50079F1C8 /* MainBaseVC */ = {
			isa = PBXGroup;
			children = (
				E6531F921E0680C50079F1C8 /* MainTabbar.h */,
				E6531F931E0680C50079F1C8 /* MainTabbar.m */,
				E6531F941E0680C50079F1C8 /* Nav_Base_VC.h */,
				E6531F951E0680C50079F1C8 /* Nav_Base_VC.m */,
				E6531F961E0680C50079F1C8 /* Parent_Class_VC.h */,
				E6531F971E0680C50079F1C8 /* Parent_Class_VC.m */,
			);
			path = MainBaseVC;
			sourceTree = "<group>";
		};
		E6531F9D1E0683320079F1C8 /* AFHTTPRequest */ = {
			isa = PBXGroup;
			children = (
				E6AEA9351E30529200B5B3DE /* adn.cer */,
				E6AEA9361E30529200B5B3DE /* li.cer */,
				E6531F9E1E0683420079F1C8 /* AFHTTPRequest.h */,
				E6531F9F1E0683420079F1C8 /* AFHTTPRequest.m */,
				E6531FA11E0683D50079F1C8 /* AFHTTPHeader.h */,
			);
			path = AFHTTPRequest;
			sourceTree = "<group>";
		};
		E66E22C21DFA406A00D06432 = {
			isa = PBXGroup;
			children = (
				E66E22CD1DFA406A00D06432 /* NetworkRequest */,
				E66E22CC1DFA406A00D06432 /* Products */,
				C41C2C810475B04174957B46 /* Pods */,
				87B45FFA9A1929332B5DED16 /* Frameworks */,
			);
			sourceTree = "<group>";
		};
		E66E22CC1DFA406A00D06432 /* Products */ = {
			isa = PBXGroup;
			children = (
				E66E22CB1DFA406A00D06432 /* NetworkRequest.app */,
			);
			name = Products;
			sourceTree = "<group>";
		};
		E66E22CD1DFA406A00D06432 /* NetworkRequest */ = {
			isa = PBXGroup;
			children = (
				E66E22D11DFA406A00D06432 /* AppDelegate.h */,
				E66E22D21DFA406A00D06432 /* AppDelegate.m */,
				E651BDDC1E6CE81300E19B8A /* NetworkingProtocol */,
				E6203D5D1E0B5ADA00A07ADC /* ViewControllers */,
				E6531F9D1E0683320079F1C8 /* AFHTTPRequest */,
				E6531F911E0680C50079F1C8 /* MainBaseVC */,
				E66E22CE1DFA406A00D06432 /* Supporting Files */,
			);
			path = NetworkRequest;
			sourceTree = "<group>";
		};
		E66E22CE1DFA406A00D06432 /* Supporting Files */ = {
			isa = PBXGroup;
			children = (
				E6AEA9331E304FC100B5B3DE /* iOS_IT技能.png */,
				E6AEA9311E304FB200B5B3DE /* 位数区别.jpg */,
				E6531F9C1E0681130079F1C8 /* Singleton.h */,
				E6531F9B1E0680F90079F1C8 /* MyToolsHeader.h */,
				E66E22DF1DFA406A00D06432 /* Info.plist */,
				E66E22CF1DFA406A00D06432 /* main.m */,
				E66E22DA1DFA406A00D06432 /* Assets.xcassets */,
			);
			name = "Supporting Files";
			sourceTree = "<group>";
		};
/* End PBXGroup section */

/* Begin PBXNativeTarget section */
		E66E22CA1DFA406A00D06432 /* NetworkRequest */ = {
			isa = PBXNativeTarget;
			buildConfigurationList = E66E22E21DFA406A00D06432 /* Build configuration list for PBXNativeTarget "NetworkRequest" */;
			buildPhases = (
				941FEADC1FF997A4F350D90F /* [CP] Check Pods Manifest.lock */,
				E66E22C71DFA406A00D06432 /* Sources */,
				E66E22C81DFA406A00D06432 /* Frameworks */,
				E66E22C91DFA406A00D06432 /* Resources */,
				9497AC66BA6A1CDC4C1701D6 /* [CP] Embed Pods Frameworks */,
				B18998E5B4C94E13E50BAE7C /* [CP] Copy Pods Resources */,
			);
			buildRules = (
			);
			dependencies = (
			);
			name = NetworkRequest;
			productName = NetworkRequest;
			productReference = E66E22CB1DFA406A00D06432 /* NetworkRequest.app */;
			productType = "com.apple.product-type.application";
		};
/* End PBXNativeTarget section */

/* Begin PBXProject section */
		E66E22C31DFA406A00D06432 /* Project object */ = {
			isa = PBXProject;
			attributes = {
				LastUpgradeCheck = 0820;
				ORGANIZATIONNAME = IceGod;
				TargetAttributes = {
					E66E22CA1DFA406A00D06432 = {
						CreatedOnToolsVersion = 8.1;
						DevelopmentTeam = H6KP257293;
						ProvisioningStyle = Automatic;
					};
				};
			};
			buildConfigurationList = E66E22C61DFA406A00D06432 /* Build configuration list for PBXProject "NetworkRequest" */;
			compatibilityVersion = "Xcode 3.2";
			developmentRegion = English;
			hasScannedForEncodings = 0;
			knownRegions = (
				en,
				Base,
			);
			mainGroup = E66E22C21DFA406A00D06432;
			productRefGroup = E66E22CC1DFA406A00D06432 /* Products */;
			projectDirPath = "";
			projectRoot = "";
			targets = (
				E66E22CA1DFA406A00D06432 /* NetworkRequest */,
			);
		};
/* End PBXProject section */

/* Begin PBXResourcesBuildPhase section */
		E66E22C91DFA406A00D06432 /* Resources */ = {
			isa = PBXResourcesBuildPhase;
			buildActionMask = 2147483647;
			files = (
				E6AB40A01E80CBEC00894220 /* UDP设计框架.jpeg in Resources */,
				E6AB40A41E80CCA400894220 /* socket.jpeg in Resources */,
				E6AEA9381E30529200B5B3DE /* li.cer in Resources */,
				E6AEA9341E304FC100B5B3DE /* iOS_IT技能.png in Resources */,
				E6AB409F1E80CBEC00894220 /* TCP设计框架.jpeg in Resources */,
				E66E22DB1DFA406A00D06432 /* Assets.xcassets in Resources */,
				E6AB409B1E80C9F200894220 /* TCP4次挥手.jpeg in Resources */,
				E651BDDE1E6CE84000E19B8A /* 网络协议基础概念.md in Resources */,
				E6AB409C1E80C9F200894220 /* TCP三次握手.jpeg in Resources */,
				E6AEA9371E30529200B5B3DE /* adn.cer in Resources */,
				E6AEA9321E304FB200B5B3DE /* 位数区别.jpg in Resources */,
			);
			runOnlyForDeploymentPostprocessing = 0;
		};
/* End PBXResourcesBuildPhase section */

/* Begin PBXShellScriptBuildPhase section */
		941FEADC1FF997A4F350D90F /* [CP] Check Pods Manifest.lock */ = {
			isa = PBXShellScriptBuildPhase;
			buildActionMask = 2147483647;
			files = (
			);
			inputPaths = (
			);
			name = "[CP] Check Pods Manifest.lock";
			outputPaths = (
			);
			runOnlyForDeploymentPostprocessing = 0;
			shellPath = /bin/sh;
			shellScript = "diff \"${PODS_ROOT}/../Podfile.lock\" \"${PODS_ROOT}/Manifest.lock\" > /dev/null\nif [ $? != 0 ] ; then\n    # print error to STDERR\n    echo \"error: The sandbox is not in sync with the Podfile.lock. Run 'pod install' or update your CocoaPods installation.\" >&2\n    exit 1\nfi\n";
			showEnvVarsInLog = 0;
		};
		9497AC66BA6A1CDC4C1701D6 /* [CP] Embed Pods Frameworks */ = {
			isa = PBXShellScriptBuildPhase;
			buildActionMask = 2147483647;
			files = (
			);
			inputPaths = (
			);
			name = "[CP] Embed Pods Frameworks";
			outputPaths = (
			);
			runOnlyForDeploymentPostprocessing = 0;
			shellPath = /bin/sh;
			shellScript = "\"${SRCROOT}/Pods/Target Support Files/Pods-NetworkRequest/Pods-NetworkRequest-frameworks.sh\"\n";
			showEnvVarsInLog = 0;
		};
		B18998E5B4C94E13E50BAE7C /* [CP] Copy Pods Resources */ = {
			isa = PBXShellScriptBuildPhase;
			buildActionMask = 2147483647;
			files = (
			);
			inputPaths = (
			);
			name = "[CP] Copy Pods Resources";
			outputPaths = (
			);
			runOnlyForDeploymentPostprocessing = 0;
			shellPath = /bin/sh;
			shellScript = "\"${SRCROOT}/Pods/Target Support Files/Pods-NetworkRequest/Pods-NetworkRequest-resources.sh\"\n";
			showEnvVarsInLog = 0;
		};
/* End PBXShellScriptBuildPhase section */

/* Begin PBXSourcesBuildPhase section */
		E66E22C71DFA406A00D06432 /* Sources */ = {
			isa = PBXSourcesBuildPhase;
			buildActionMask = 2147483647;
			files = (
				E6AB40961E80C88600894220 /* TCP.md in Sources */,
				E6175C8F1E2CE340006E1988 /* DownloadRequest_VC.m in Sources */,
				E6AB40A61E80CCAE00894220 /* HTTP.md in Sources */,
				E6175C921E2CE375006E1988 /* UploadRequest_VC.m in Sources */,
				E6175C8C1E2CE307006E1988 /* SpecialRequest_VC.m in Sources */,
				E66E22D31DFA406A00D06432 /* AppDelegate.m in Sources */,
				E66E22D01DFA406A00D06432 /* main.m in Sources */,
				E6531F981E0680C50079F1C8 /* MainTabbar.m in Sources */,
				E6531F9A1E0680C50079F1C8 /* Parent_Class_VC.m in Sources */,
				E6203D601E0B5AFB00A07ADC /* GeneralRequest_VC.m in Sources */,
				E669DDD31E30E8DF0097C731 /* BreakpointDownload_VC.m in Sources */,
				E6531FA01E0683420079F1C8 /* AFHTTPRequest.m in Sources */,
				E6531F991E0680C50079F1C8 /* Nav_Base_VC.m in Sources */,
			);
			runOnlyForDeploymentPostprocessing = 0;
		};
/* End PBXSourcesBuildPhase section */

/* Begin XCBuildConfiguration section */
		E66E22E01DFA406A00D06432 /* Debug */ = {
			isa = XCBuildConfiguration;
			buildSettings = {
				ALWAYS_SEARCH_USER_PATHS = NO;
				CLANG_ANALYZER_NONNULL = YES;
				CLANG_CXX_LANGUAGE_STANDARD = "gnu++0x";
				CLANG_CXX_LIBRARY = "libc++";
				CLANG_ENABLE_MODULES = YES;
				CLANG_ENABLE_OBJC_ARC = YES;
				CLANG_WARN_BOOL_CONVERSION = YES;
				CLANG_WARN_CONSTANT_CONVERSION = YES;
				CLANG_WARN_DIRECT_OBJC_ISA_USAGE = YES_ERROR;
				CLANG_WARN_DOCUMENTATION_COMMENTS = YES;
				CLANG_WARN_EMPTY_BODY = YES;
				CLANG_WARN_ENUM_CONVERSION = YES;
				CLANG_WARN_INFINITE_RECURSION = YES;
				CLANG_WARN_INT_CONVERSION = YES;
				CLANG_WARN_OBJC_ROOT_CLASS = YES_ERROR;
				CLANG_WARN_SUSPICIOUS_MOVE = YES;
				CLANG_WARN_SUSPICIOUS_MOVES = YES;
				CLANG_WARN_UNREACHABLE_CODE = YES;
				CLANG_WARN__DUPLICATE_METHOD_MATCH = YES;
				"CODE_SIGN_IDENTITY[sdk=iphoneos*]" = "iPhone Developer";
				COPY_PHASE_STRIP = NO;
				DEBUG_INFORMATION_FORMAT = dwarf;
				ENABLE_STRICT_OBJC_MSGSEND = YES;
				ENABLE_TESTABILITY = YES;
				GCC_C_LANGUAGE_STANDARD = gnu99;
				GCC_DYNAMIC_NO_PIC = NO;
				GCC_NO_COMMON_BLOCKS = YES;
				GCC_OPTIMIZATION_LEVEL = 0;
				GCC_PREPROCESSOR_DEFINITIONS = (
					"DEBUG=1",
					"$(inherited)",
				);
				GCC_WARN_64_TO_32_BIT_CONVERSION = YES;
				GCC_WARN_ABOUT_RETURN_TYPE = YES_ERROR;
				GCC_WARN_UNDECLARED_SELECTOR = YES;
				GCC_WARN_UNINITIALIZED_AUTOS = YES_AGGRESSIVE;
				GCC_WARN_UNUSED_FUNCTION = YES;
				GCC_WARN_UNUSED_VARIABLE = YES;
				IPHONEOS_DEPLOYMENT_TARGET = 8.0;
				MTL_ENABLE_DEBUG_INFO = YES;
				ONLY_ACTIVE_ARCH = YES;
				SDKROOT = iphoneos;
			};
			name = Debug;
		};
		E66E22E11DFA406A00D06432 /* Release */ = {
			isa = XCBuildConfiguration;
			buildSettings = {
				ALWAYS_SEARCH_USER_PATHS = NO;
				CLANG_ANALYZER_NONNULL = YES;
				CLANG_CXX_LANGUAGE_STANDARD = "gnu++0x";
				CLANG_CXX_LIBRARY = "libc++";
				CLANG_ENABLE_MODULES = YES;
				CLANG_ENABLE_OBJC_ARC = YES;
				CLANG_WARN_BOOL_CONVERSION = YES;
				CLANG_WARN_CONSTANT_CONVERSION = YES;
				CLANG_WARN_DIRECT_OBJC_ISA_USAGE = YES_ERROR;
				CLANG_WARN_DOCUMENTATION_COMMENTS = YES;
				CLANG_WARN_EMPTY_BODY = YES;
				CLANG_WARN_ENUM_CONVERSION = YES;
				CLANG_WARN_INFINITE_RECURSION = YES;
				CLANG_WARN_INT_CONVERSION = YES;
				CLANG_WARN_OBJC_ROOT_CLASS = YES_ERROR;
				CLANG_WARN_SUSPICIOUS_MOVE = YES;
				CLANG_WARN_SUSPICIOUS_MOVES = YES;
				CLANG_WARN_UNREACHABLE_CODE = YES;
				CLANG_WARN__DUPLICATE_METHOD_MATCH = YES;
				"CODE_SIGN_IDENTITY[sdk=iphoneos*]" = "iPhone Developer";
				COPY_PHASE_STRIP = NO;
				DEBUG_INFORMATION_FORMAT = "dwarf-with-dsym";
				ENABLE_NS_ASSERTIONS = NO;
				ENABLE_STRICT_OBJC_MSGSEND = YES;
				GCC_C_LANGUAGE_STANDARD = gnu99;
				GCC_NO_COMMON_BLOCKS = YES;
				GCC_WARN_64_TO_32_BIT_CONVERSION = YES;
				GCC_WARN_ABOUT_RETURN_TYPE = YES_ERROR;
				GCC_WARN_UNDECLARED_SELECTOR = YES;
				GCC_WARN_UNINITIALIZED_AUTOS = YES_AGGRESSIVE;
				GCC_WARN_UNUSED_FUNCTION = YES;
				GCC_WARN_UNUSED_VARIABLE = YES;
				IPHONEOS_DEPLOYMENT_TARGET = 8.0;
				MTL_ENABLE_DEBUG_INFO = NO;
				SDKROOT = iphoneos;
				VALIDATE_PRODUCT = YES;
			};
			name = Release;
		};
		E66E22E31DFA406A00D06432 /* Debug */ = {
			isa = XCBuildConfiguration;
			baseConfigurationReference = 93D3DDCD487EA278C0AC0C5E /* Pods-NetworkRequest.debug.xcconfig */;
			buildSettings = {
				ASSETCATALOG_COMPILER_APPICON_NAME = AppIcon;
				ASSETCATALOG_COMPILER_LAUNCHIMAGE_NAME = LaunchImage;
				DEVELOPMENT_TEAM = H6KP257293;
				INFOPLIST_FILE = NetworkRequest/Info.plist;
				IPHONEOS_DEPLOYMENT_TARGET = 8.0;
				LD_RUNPATH_SEARCH_PATHS = "$(inherited) @executable_path/Frameworks";
				PRODUCT_BUNDLE_IDENTIFIER = com.IceGod.NetworkRequest;
				PRODUCT_NAME = "$(TARGET_NAME)";
				USER_HEADER_SEARCH_PATHS = "${SRCROOT}/**";
			};
			name = Debug;
		};
		E66E22E41DFA406A00D06432 /* Release */ = {
			isa = XCBuildConfiguration;
			baseConfigurationReference = C9F6F6E4555F8A110F293214 /* Pods-NetworkRequest.release.xcconfig */;
			buildSettings = {
				ASSETCATALOG_COMPILER_APPICON_NAME = AppIcon;
				ASSETCATALOG_COMPILER_LAUNCHIMAGE_NAME = LaunchImage;
				DEVELOPMENT_TEAM = H6KP257293;
				INFOPLIST_FILE = NetworkRequest/Info.plist;
				IPHONEOS_DEPLOYMENT_TARGET = 8.0;
				LD_RUNPATH_SEARCH_PATHS = "$(inherited) @executable_path/Frameworks";
				PRODUCT_BUNDLE_IDENTIFIER = com.IceGod.NetworkRequest;
				PRODUCT_NAME = "$(TARGET_NAME)";
				USER_HEADER_SEARCH_PATHS = "${SRCROOT}/**";
			};
			name = Release;
		};
/* End XCBuildConfiguration section */

/* Begin XCConfigurationList section */
		E66E22C61DFA406A00D06432 /* Build configuration list for PBXProject "NetworkRequest" */ = {
			isa = XCConfigurationList;
			buildConfigurations = (
				E66E22E01DFA406A00D06432 /* Debug */,
				E66E22E11DFA406A00D06432 /* Release */,
			);
			defaultConfigurationIsVisible = 0;
			defaultConfigurationName = Release;
		};
		E66E22E21DFA406A00D06432 /* Build configuration list for PBXNativeTarget "NetworkRequest" */ = {
			isa = XCConfigurationList;
			buildConfigurations = (
				E66E22E31DFA406A00D06432 /* Debug */,
				E66E22E41DFA406A00D06432 /* Release */,
			);
			defaultConfigurationIsVisible = 0;
			defaultConfigurationName = Release;
		};
/* End XCConfigurationList section */
	};
	rootObject = E66E22C31DFA406A00D06432 /* Project object */;
}
